
Microsoft Visual Studio Solution File, Format Version 12.00
# Visual Studio Version 16
VisualStudioVersion = 16.0.30611.23
MinimumVisualStudioVersion = 10.0.40219.1
Project("{FAE04EC0-301F-11D3-BF4B-00C04F79EFBC}") = "AT12_banque", "AT12_banque\AT12_banque.csproj", "{CDDC595C-F5D4-4F54-8660-49DD9A069B58}"
EndProject
Global
	GlobalSection(SolutionConfigurationPlatforms) = preSolution
		Debug|Any CPU = Debug|Any CPU
		Release|Any CPU = Release|Any CPU
	EndGlobalSection
	GlobalSection(ProjectConfigurationPlatforms) = postSolution
		{CDDC595C-F5D4-4F54-8660-49DD9A069B58}.Debug|Any CPU.ActiveCfg = Debug|Any CPU
		{CDDC595C-F5D4-4F54-8660-49DD9A069B58}.Debug|Any CPU.Build.0 = Debug|Any CPU
		{CDDC595C-F5D4-4F54-8660-49DD9A069B58}.Release|Any CPU.ActiveCfg = Release|Any CPU
		{CDDC595C-F5D4-4F54-8660-49DD9A069B58}.Release|Any CPU.Build.0 = Release|Any CPU
	EndGlobalSection
	GlobalSection(SolutionProperties) = preSolution
		HideSolutionNode = FALSE
	EndGlobalSection
	GlobalSection(ExtensibilityGlobals) = postSolution
		SolutionGuid = {5728BB04-D05C-45D9-87EA-595ACA1B7A5A}
	EndGlobalSection
EndGlobal
